
Microsoft Visual Studio Solution File, Format Version 12.00
# Visual Studio Version 17
VisualStudioVersion = 17.0.31903.59
MinimumVisualStudioVersion = 10.0.40219.1
Project("{2150E333-8FDC-42A3-9474-1A3956D46DE8}") = "src", "src", "{1417DEA2-6417-4153-9D61-4FBAA086E092}"
EndProject
Project("{FAE04EC0-301F-11D3-BF4B-00C04F79EFBC}") = "PauMarket.API", "src\PauMarket.API\PauMarket.API.csproj", "{AB58488A-349E-476A-A505-407103F21368}"
EndProject
Global
	GlobalSection(SolutionConfigurationPlatforms) = preSolution
		Debug|Any CPU = Debug|Any CPU
		Release|Any CPU = Release|Any CPU
	EndGlobalSection
	GlobalSection(SolutionProperties) = preSolution
		HideSolutionNode = FALSE
	EndGlobalSection
	GlobalSection(ProjectConfigurationPlatforms) = postSolution
		{AB58488A-349E-476A-A505-407103F21368}.Debug|Any CPU.ActiveCfg = Debug|Any CPU
		{AB58488A-349E-476A-A505-407103F21368}.Debug|Any CPU.Build.0 = Debug|Any CPU
		{AB58488A-349E-476A-A505-407103F21368}.Release|Any CPU.ActiveCfg = Release|Any CPU
		{AB58488A-349E-476A-A505-407103F21368}.Release|Any CPU.Build.0 = Release|Any CPU
	EndGlobalSection
	GlobalSection(NestedProjects) = preSolution
		{AB58488A-349E-476A-A505-407103F21368} = {1417DEA2-6417-4153-9D61-4FBAA086E092}
	EndGlobalSection
EndGlobal
